
Microsoft Visual Studio Solution File, Format Version 12.00
# Visual Studio Version 16
VisualStudioVersion = 16.0.28922.388
MinimumVisualStudioVersion = 10.0.40219.1
Project("{FAE04EC0-301F-11D3-BF4B-00C04F79EFBC}") = "DataTable", "DataTable\DataTable.csproj", "{28BE1D2A-D3E2-4F87-A36E-38E30DC074D7}"
EndProject
Global
	GlobalSection(SolutionConfigurationPlatforms) = preSolution
		Debug|Any CPU = Debug|Any CPU
		Release|Any CPU = Release|Any CPU
	EndGlobalSection
	GlobalSection(ProjectConfigurationPlatforms) = postSolution
		{28BE1D2A-D3E2-4F87-A36E-38E30DC074D7}.Debug|Any CPU.ActiveCfg = Debug|Any CPU
		{28BE1D2A-D3E2-4F87-A36E-38E30DC074D7}.Debug|Any CPU.Build.0 = Debug|Any CPU
		{28BE1D2A-D3E2-4F87-A36E-38E30DC074D7}.Release|Any CPU.ActiveCfg = Release|Any CPU
		{28BE1D2A-D3E2-4F87-A36E-38E30DC074D7}.Release|Any CPU.Build.0 = Release|Any CPU
	EndGlobalSection
	GlobalSection(SolutionProperties) = preSolution
		HideSolutionNode = FALSE
	EndGlobalSection
	GlobalSection(ExtensibilityGlobals) = postSolution
		SolutionGuid = {B6F23A81-7446-48A1-889C-6F41884B0E69}
	EndGlobalSection
EndGlobal
